// !$*UTF8*$!
{
	archiveVersion = 1;
	classes = {
	};
	objectVersion = 46;
	objects = {

/* Begin PBXBuildFile section */
		6B3DD3081B2BE4F3001D238F /* AppDelegate.swift in Sources */ = {isa = PBXBuildFile; fileRef = 6B3DD3071B2BE4F3001D238F /* AppDelegate.swift */; };
		6B3DD30A1B2BE4F3001D238F /* ViewController.swift in Sources */ = {isa = PBXBuildFile; fileRef = 6B3DD3091B2BE4F3001D238F /* ViewController.swift */; };
		6B3DD30D1B2BE4F3001D238F /* Main.storyboard in Resources */ = {isa = PBXBuildFile; fileRef = 6B3DD30B1B2BE4F3001D238F /* Main.storyboard */; };
		6B3DD30F1B2BE4F3001D238F /* Images.xcassets in Resources */ = {isa = PBXBuildFile; fileRef = 6B3DD30E1B2BE4F3001D238F /* Images.xcassets */; };
		6B3DD3121B2BE4F3001D238F /* LaunchScreen.xib in Resources */ = {isa = PBXBuildFile; fileRef = 6B3DD3101B2BE4F3001D238F /* LaunchScreen.xib */; };
		6B3DD31E1B2BE4F3001D238F /* CS_193P_First_ProjectTests.swift in Sources */ = {isa = PBXBuildFile; fileRef = 6B3DD31D1B2BE4F3001D238F /* CS_193P_First_ProjectTests.swift */; };
		6B50801F1B5B2F9600AF459C /* CalculatorBrain.swift in Sources */ = {isa = PBXBuildFile; fileRef = 6B50801E1B5B2F9600AF459C /* CalculatorBrain.swift */; };
/* End PBXBuildFile section */

/* Begin PBXContainerItemProxy section */
		6B3DD3181B2BE4F3001D238F /* PBXContainerItemProxy */ = {
			isa = PBXContainerItemProxy;
			containerPortal = 6B3DD2FA1B2BE4F3001D238F /* Project object */;
			proxyType = 1;
			remoteGlobalIDString = 6B3DD3011B2BE4F3001D238F;
			remoteInfo = "CS 193P First Project";
		};
/* End PBXContainerItemProxy section */

/* Begin PBXFileReference section */
		6B3DD3021B2BE4F3001D238F /* CS 193P First Project.app */ = {isa = PBXFileReference; explicitFileType = wrapper.application; includeInIndex = 0; path = "CS 193P First Project.app"; sourceTree = BUILT_PRODUCTS_DIR; };
		6B3DD3061B2BE4F3001D238F /* Info.plist */ = {isa = PBXFileReference; lastKnownFileType = text.plist.xml; path = Info.plist; sourceTree = "<group>"; };
		6B3DD3071B2BE4F3001D238F /* AppDelegate.swift */ = {isa = PBXFileReference; lastKnownFileType = sourcecode.swift; path = AppDelegate.swift; sourceTree = "<group>"; };
		6B3DD3091B2BE4F3001D238F /* ViewController.swift */ = {isa = PBXFileReference; lastKnownFileType = sourcecode.swift; path = ViewController.swift; sourceTree = "<group>"; };
		6B3DD30C1B2BE4F3001D238F /* Base */ = {isa = PBXFileReference; lastKnownFileType = file.storyboard; name = Base; path = Base.lproj/Main.storyboard; sourceTree = "<group>"; };
		6B3DD30E1B2BE4F3001D238F /* Images.xcassets */ = {isa = PBXFileReference; lastKnownFileType = folder.assetcatalog; path = Images.xcassets; sourceTree = "<group>"; };
		6B3DD3111B2BE4F3001D238F /* Base */ = {isa = PBXFileReference; lastKnownFileType = file.xib; name = Base; path = Base.lproj/LaunchScreen.xib; sourceTree = "<group>"; };
		6B3DD3171B2BE4F3001D238F /* CS 193P First ProjectTests.xctest */ = {isa = PBXFileReference; explicitFileType = wrapper.cfbundle; includeInIndex = 0; path = "CS 193P First ProjectTests.xctest"; sourceTree = BUILT_PRODUCTS_DIR; };
		6B3DD31C1B2BE4F3001D238F /* Info.plist */ = {isa = PBXFileReference; lastKnownFileType = text.plist.xml; path = Info.plist; sourceTree = "<group>"; };
		6B3DD31D1B2BE4F3001D238F /* CS_193P_First_ProjectTests.swift */ = {isa = PBXFileReference; lastKnownFileType = sourcecode.swift; path = CS_193P_First_ProjectTests.swift; sourceTree = "<group>"; };
		6B50801E1B5B2F9600AF459C /* CalculatorBrain.swift */ = {isa = PBXFileReference; fileEncoding = 4; lastKnownFileType = sourcecode.swift; path = CalculatorBrain.swift; sourceTree = "<group>"; };
/* End PBXFileReference section */

/* Begin PBXFrameworksBuildPhase section */
		6B3DD2FF1B2BE4F3001D238F /* Frameworks */ = {
			isa = PBXFrameworksBuildPhase;
			buildActionMask = 2147483647;
			files = (
			);
			runOnlyForDeploymentPostprocessing = 0;
		};
		6B3DD3141B2BE4F3001D238F /* Frameworks */ = {
			isa = PBXFrameworksBuildPhase;
			buildActionMask = 2147483647;
			files = (
			);
			runOnlyForDeploymentPostprocessing = 0;
		};
/* End PBXFrameworksBuildPhase section */

/* Begin PBXGroup section */
		6B3DD2F91B2BE4F3001D238F = {
			isa = PBXGroup;
			children = (
				6B3DD3041B2BE4F3001D238F /* CS 193P First Project */,
				6B3DD31A1B2BE4F3001D238F /* CS 193P First ProjectTests */,
				6B3DD3031B2BE4F3001D238F /* Products */,
			);
			sourceTree = "<group>";
		};
		6B3DD3031B2BE4F3001D238F /* Products */ = {
			isa = PBXGroup;
			children = (
				6B3DD3021B2BE4F3001D238F /* CS 193P First Project.app */,
				6B3DD3171B2BE4F3001D238F /* CS 193P First ProjectTests.xctest */,
			);
			name = Products;
			sourceTree = "<group>";
		};
		6B3DD3041B2BE4F3001D238F /* CS 193P First Project */ = {
			isa = PBXGroup;
			children = (
				6B50801E1B5B2F9600AF459C /* CalculatorBrain.swift */,
				6B3DD3091B2BE4F3001D238F /* ViewController.swift */,
				6B3DD30B1B2BE4F3001D238F /* Main.storyboard */,
				6B3DD3051B2BE4F3001D238F /* Supporting Files */,
			);
			path = "CS 193P First Project";
			sourceTree = "<group>";
		};
		6B3DD3051B2BE4F3001D238F /* Supporting Files */ = {
			isa = PBXGroup;
			children = (
				6B3DD30E1B2BE4F3001D238F /* Images.xcassets */,
				6B3DD3101B2BE4F3001D238F /* LaunchScreen.xib */,
				6B3DD3071B2BE4F3001D238F /* AppDelegate.swift */,
				6B3DD3061B2BE4F3001D238F /* Info.plist */,
			);
			name = "Supporting Files";
			sourceTree = "<group>";
		};
		6B3DD31A1B2BE4F3001D238F /* CS 193P First ProjectTests */ = {
			isa = PBXGroup;
			children = (
				6B3DD31D1B2BE4F3001D238F /* CS_193P_First_ProjectTests.swift */,
				6B3DD31B1B2BE4F3001D238F /* Supporting Files */,
			);
			path = "CS 193P First ProjectTests";
			sourceTree = "<group>";
		};
		6B3DD31B1B2BE4F3001D238F /* Supporting Files */ = {
			isa = PBXGroup;
			children = (
				6B3DD31C1B2BE4F3001D238F /* Info.plist */,
			);
			name = "Supporting Files";
			sourceTree = "<group>";
		};
/* End PBXGroup section */

/* Begin PBXNativeTarget section */
		6B3DD3011B2BE4F3001D238F /* CS 193P First Project */ = {
			isa = PBXNativeTarget;
			buildConfigurationList = 6B3DD3211B2BE4F3001D238F /* Build configuration list for PBXNativeTarget "CS 193P First Project" */;
			buildPhases = (
				6B3DD2FE1B2BE4F3001D238F /* Sources */,
				6B3DD2FF1B2BE4F3001D238F /* Frameworks */,
				6B3DD3001B2BE4F3001D238F /* Resources */,
			);
			buildRules = (
			);
			dependencies = (
			);
			name = "CS 193P First Project";
			productName = "CS 193P First Project";
			productReference = 6B3DD3021B2BE4F3001D238F /* CS 193P First Project.app */;
			productType = "com.apple.product-type.application";
		};
		6B3DD3161B2BE4F3001D238F /* CS 193P First ProjectTests */ = {
			isa = PBXNativeTarget;
			buildConfigurationList = 6B3DD3241B2BE4F3001D238F /* Build configuration list for PBXNativeTarget "CS 193P First ProjectTests" */;
			buildPhases = (
				6B3DD3131B2BE4F3001D238F /* Sources */,
				6B3DD3141B2BE4F3001D238F /* Frameworks */,
				6B3DD3151B2BE4F3001D238F /* Resources */,
			);
			buildRules = (
			);
			dependencies = (
				6B3DD3191B2BE4F3001D238F /* PBXTargetDependency */,
			);
			name = "CS 193P First ProjectTests";
			productName = "CS 193P First ProjectTests";
			productReference = 6B3DD3171B2BE4F3001D238F /* CS 193P First ProjectTests.xctest */;
			productType = "com.apple.product-type.bundle.unit-test";
		};
/* End PBXNativeTarget section */

/* Begin PBXProject section */
		6B3DD2FA1B2BE4F3001D238F /* Project object */ = {
			isa = PBXProject;
			attributes = {
				LastUpgradeCheck = 0630;
				ORGANIZATIONNAME = "Matthew Allen Lin";
				TargetAttributes = {
					6B3DD3011B2BE4F3001D238F = {
						CreatedOnToolsVersion = 6.3.2;
					};
					6B3DD3161B2BE4F3001D238F = {
						CreatedOnToolsVersion = 6.3.2;
						TestTargetID = 6B3DD3011B2BE4F3001D238F;
					};
				};
			};
			buildConfigurationList = 6B3DD2FD1B2BE4F3001D238F /* Build configuration list for PBXProject "CS 193P First Project" */;
			compatibilityVersion = "Xcode 3.2";
			developmentRegion = English;
			hasScannedForEncodings = 0;
			knownRegions = (
				en,
				Base,
			);
			mainGroup = 6B3DD2F91B2BE4F3001D238F;
			productRefGroup = 6B3DD3031B2BE4F3001D238F /* Products */;
			projectDirPath = "";
			projectRoot = "";
			targets = (
				6B3DD3011B2BE4F3001D238F /* CS 193P First Project */,
				6B3DD3161B2BE4F3001D238F /* CS 193P First ProjectTests */,
			);
		};
/* End PBXProject section */

/* Begin PBXResourcesBuildPhase section */
		6B3DD3001B2BE4F3001D238F /* Resources */ = {
			isa = PBXResourcesBuildPhase;
			buildActionMask = 2147483647;
			files = (
				6B3DD30D1B2BE4F3001D238F /* Main.storyboard in Resources */,
				6B3DD3121B2BE4F3001D238F /* LaunchScreen.xib in Resources */,
				6B3DD30F1B2BE4F3001D238F /* Images.xcassets in Resources */,
			);
			runOnlyForDeploymentPostprocessing = 0;
		};
		6B3DD3151B2BE4F3001D238F /* Resources */ = {
			isa = PBXResourcesBuildPhase;
			buildActionMask = 2147483647;
			files = (
			);
			runOnlyForDeploymentPostprocessing = 0;
		};
/* End PBXResourcesBuildPhase section */

/* Begin PBXSourcesBuildPhase section */
		6B3DD2FE1B2BE4F3001D238F /* Sources */ = {
			isa = PBXSourcesBuildPhase;
			buildActionMask = 2147483647;
			files = (
				6B50801F1B5B2F9600AF459C /* CalculatorBrain.swift in Sources */,
				6B3DD30A1B2BE4F3001D238F /* ViewController.swift in Sources */,
				6B3DD3081B2BE4F3001D238F /* AppDelegate.swift in Sources */,
			);
			runOnlyForDeploymentPostprocessing = 0;
		};
		6B3DD3131B2BE4F3001D238F /* Sources */ = {
			isa = PBXSourcesBuildPhase;
			buildActionMask = 2147483647;
			files = (
				6B3DD31E1B2BE4F3001D238F /* CS_193P_First_ProjectTests.swift in Sources */,
			);
			runOnlyForDeploymentPostprocessing = 0;
		};
/* End PBXSourcesBuildPhase section */

/* Begin PBXTargetDependency section */
		6B3DD3191B2BE4F3001D238F /* PBXTargetDependency */ = {
			isa = PBXTargetDependency;
			target = 6B3DD3011B2BE4F3001D238F /* CS 193P First Project */;
			targetProxy = 6B3DD3181B2BE4F3001D238F /* PBXContainerItemProxy */;
		};
/* End PBXTargetDependency section */

/* Begin PBXVariantGroup section */
		6B3DD30B1B2BE4F3001D238F /* Main.storyboard */ = {
			isa = PBXVariantGroup;
			children = (
				6B3DD30C1B2BE4F3001D238F /* Base */,
			);
			name = Main.storyboard;
			sourceTree = "<group>";
		};
		6B3DD3101B2BE4F3001D238F /* LaunchScreen.xib */ = {
			isa = PBXVariantGroup;
			children = (
				6B3DD3111B2BE4F3001D238F /* Base */,
			);
			name = LaunchScreen.xib;
			sourceTree = "<group>";
		};
/* End PBXVariantGroup section */

/* Begin XCBuildConfiguration section */
		6B3DD31F1B2BE4F3001D238F /* Debug */ = {
			isa = XCBuildConfiguration;
			buildSettings = {
				ALWAYS_SEARCH_USER_PATHS = NO;
				CLANG_CXX_LANGUAGE_STANDARD = "gnu++0x";
				CLANG_CXX_LIBRARY = "libc++";
				CLANG_ENABLE_MODULES = YES;
				CLANG_ENABLE_OBJC_ARC = YES;
				CLANG_WARN_BOOL_CONVERSION = YES;
				CLANG_WARN_CONSTANT_CONVERSION = YES;
				CLANG_WARN_DIRECT_OBJC_ISA_USAGE = YES_ERROR;
				CLANG_WARN_EMPTY_BODY = YES;
				CLANG_WARN_ENUM_CONVERSION = YES;
				CLANG_WARN_INT_CONVERSION = YES;
				CLANG_WARN_OBJC_ROOT_CLASS = YES_ERROR;
				CLANG_WARN_UNREACHABLE_CODE = YES;
				CLANG_WARN__DUPLICATE_METHOD_MATCH = YES;
				"CODE_SIGN_IDENTITY[sdk=iphoneos*]" = "iPhone Developer";
				COPY_PHASE_STRIP = NO;
				DEBUG_INFORMATION_FORMAT = "dwarf-with-dsym";
				ENABLE_STRICT_OBJC_MSGSEND = YES;
				GCC_C_LANGUAGE_STANDARD = gnu99;
				GCC_DYNAMIC_NO_PIC = NO;
				GCC_NO_COMMON_BLOCKS = YES;
				GCC_OPTIMIZATION_LEVEL = 0;
				GCC_PREPROCESSOR_DEFINITIONS = (
					"DEBUG=1",
					"$(inherited)",
				);
				GCC_SYMBOLS_PRIVATE_EXTERN = NO;
				GCC_WARN_64_TO_32_BIT_CONVERSION = YES;
				GCC_WARN_ABOUT_RETURN_TYPE = YES_ERROR;
				GCC_WARN_UNDECLARED_SELECTOR = YES;
				GCC_WARN_UNINITIALIZED_AUTOS = YES_AGGRESSIVE;
				GCC_WARN_UNUSED_FUNCTION = YES;
				GCC_WARN_UNUSED_VARIABLE = YES;
				IPHONEOS_DEPLOYMENT_TARGET = 8.3;
				MTL_ENABLE_DEBUG_INFO = YES;
				ONLY_ACTIVE_ARCH = YES;
				SDKROOT = iphoneos;
				SWIFT_OPTIMIZATION_LEVEL = "-Onone";
				TARGETED_DEVICE_FAMILY = "1,2";
			};
			name = Debug;
		};
		6B3DD3201B2BE4F3001D238F /* Release */ = {
			isa = XCBuildConfiguration;
			buildSettings = {
				ALWAYS_SEARCH_USER_PATHS = NO;
				CLANG_CXX_LANGUAGE_STANDARD = "gnu++0x";
				CLANG_CXX_LIBRARY = "libc++";
				CLANG_ENABLE_MODULES = YES;
				CLANG_ENABLE_OBJC_ARC = YES;
				CLANG_WARN_BOOL_CONVERSION = YES;
				CLANG_WARN_CONSTANT_CONVERSION = YES;
				CLANG_WARN_DIRECT_OBJC_ISA_USAGE = YES_ERROR;
				CLANG_WARN_EMPTY_BODY = YES;
				CLANG_WARN_ENUM_CONVERSION = YES;
				CLANG_WARN_INT_CONVERSION = YES;
				CLANG_WARN_OBJC_ROOT_CLASS = YES_ERROR;
				CLANG_WARN_UNREACHABLE_CODE = YES;
				CLANG_WARN__DUPLICATE_METHOD_MATCH = YES;
				"CODE_SIGN_IDENTITY[sdk=iphoneos*]" = "iPhone Developer";
				COPY_PHASE_STRIP = NO;
				DEBUG_INFORMATION_FORMAT = "dwarf-with-dsym";
				ENABLE_NS_ASSERTIONS = NO;
				ENABLE_STRICT_OBJC_MSGSEND = YES;
				GCC_C_LANGUAGE_STANDARD = gnu99;
				GCC_NO_COMMON_BLOCKS = YES;
				GCC_WARN_64_TO_32_BIT_CONVERSION = YES;
				GCC_WARN_ABOUT_RETURN_TYPE = YES_ERROR;
				GCC_WARN_UNDECLARED_SELECTOR = YES;
				GCC_WARN_UNINITIALIZED_AUTOS = YES_AGGRESSIVE;
				GCC_WARN_UNUSED_FUNCTION = YES;
				GCC_WARN_UNUSED_VARIABLE = YES;
				IPHONEOS_DEPLOYMENT_TARGET = 8.3;
				MTL_ENABLE_DEBUG_INFO = NO;
				SDKROOT = iphoneos;
				TARGETED_DEVICE_FAMILY = "1,2";
				VALIDATE_PRODUCT = YES;
			};
			name = Release;
		};
		6B3DD3221B2BE4F3001D238F /* Debug */ = {
			isa = XCBuildConfiguration;
			buildSettings = {
				ASSETCATALOG_COMPILER_APPICON_NAME = AppIcon;
				INFOPLIST_FILE = "CS 193P First Project/Info.plist";
				LD_RUNPATH_SEARCH_PATHS = "$(inherited) @executable_path/Frameworks";
				PRODUCT_NAME = "$(TARGET_NAME)";
			};
			name = Debug;
		};
		6B3DD3231B2BE4F3001D238F /* Release */ = {
			isa = XCBuildConfiguration;
			buildSettings = {
				ASSETCATALOG_COMPILER_APPICON_NAME = AppIcon;
				INFOPLIST_FILE = "CS 193P First Project/Info.plist";
				LD_RUNPATH_SEARCH_PATHS = "$(inherited) @executable_path/Frameworks";
				PRODUCT_NAME = "$(TARGET_NAME)";
			};
			name = Release;
		};
		6B3DD3251B2BE4F3001D238F /* Debug */ = {
			isa = XCBuildConfiguration;
			buildSettings = {
				BUNDLE_LOADER = "$(TEST_HOST)";
				FRAMEWORK_SEARCH_PATHS = (
					"$(SDKROOT)/Developer/Library/Frameworks",
					"$(inherited)",
				);
				GCC_PREPROCESSOR_DEFINITIONS = (
					"DEBUG=1",
					"$(inherited)",
				);
				INFOPLIST_FILE = "CS 193P First ProjectTests/Info.plist";
				LD_RUNPATH_SEARCH_PATHS = "$(inherited) @executable_path/Frameworks @loader_path/Frameworks";
				PRODUCT_NAME = "$(TARGET_NAME)";
				TEST_HOST = "$(BUILT_PRODUCTS_DIR)/CS 193P First Project.app/CS 193P First Project";
			};
			name = Debug;
		};
		6B3DD3261B2BE4F3001D238F /* Release */ = {
			isa = XCBuildConfiguration;
			buildSettings = {
				BUNDLE_LOADER = "$(TEST_HOST)";
				FRAMEWORK_SEARCH_PATHS = (
					"$(SDKROOT)/Developer/Library/Frameworks",
					"$(inherited)",
				);
				INFOPLIST_FILE = "CS 193P First ProjectTests/Info.plist";
				LD_RUNPATH_SEARCH_PATHS = "$(inherited) @executable_path/Frameworks @loader_path/Frameworks";
				PRODUCT_NAME = "$(TARGET_NAME)";
				TEST_HOST = "$(BUILT_PRODUCTS_DIR)/CS 193P First Project.app/CS 193P First Project";
			};
			name = Release;
		};
/* End XCBuildConfiguration section */

/* Begin XCConfigurationList section */
		6B3DD2FD1B2BE4F3001D238F /* Build configuration list for PBXProject "CS 193P First Project" */ = {
			isa = XCConfigurationList;
			buildConfigurations = (
				6B3DD31F1B2BE4F3001D238F /* Debug */,
				6B3DD3201B2BE4F3001D238F /* Release */,
			);
			defaultConfigurationIsVisible = 0;
			defaultConfigurationName = Release;
		};
		6B3DD3211B2BE4F3001D238F /* Build configuration list for PBXNativeTarget "CS 193P First Project" */ = {
			isa = XCConfigurationList;
			buildConfigurations = (
				6B3DD3221B2BE4F3001D238F /* Debug */,
				6B3DD3231B2BE4F3001D238F /* Release */,
			);
			defaultConfigurationIsVisible = 0;
			defaultConfigurationName = Release;
		};
		6B3DD3241B2BE4F3001D238F /* Build configuration list for PBXNativeTarget "CS 193P First ProjectTests" */ = {
			isa = XCConfigurationList;
			buildConfigurations = (
				6B3DD3251B2BE4F3001D238F /* Debug */,
				6B3DD3261B2BE4F3001D238F /* Release */,
			);
			defaultConfigurationIsVisible = 0;
			defaultConfigurationName = Release;
		};
/* End XCConfigurationList section */
	};
	rootObject = 6B3DD2FA1B2BE4F3001D238F /* Project object */;
}
